// !$*UTF8*$!
{
	archiveVersion = 1;
	classes = {
	};
	objectVersion = 46;
	objects = {

/* Begin PBXBuildFile section */
		2F58472D1EDB93DD00288001 /* AppDelegate.swift in Sources */ = {isa = PBXBuildFile; fileRef = 2F58472C1EDB93DD00288001 /* AppDelegate.swift */; };
		2F5847311EDB93DD00288001 /* Assets.xcassets in Resources */ = {isa = PBXBuildFile; fileRef = 2F5847301EDB93DD00288001 /* Assets.xcassets */; };
		2F5847341EDB93DD00288001 /* Main.storyboard in Resources */ = {isa = PBXBuildFile; fileRef = 2F5847321EDB93DD00288001 /* Main.storyboard */; };
		2F58473C1EDB9E2E00288001 /* Characters.swift in Sources */ = {isa = PBXBuildFile; fileRef = 2F58473B1EDB9E2E00288001 /* Characters.swift */; };
		2F58473E1EDBBAD700288001 /* PopoverViewController.swift in Sources */ = {isa = PBXBuildFile; fileRef = 2F58473D1EDBBAD700288001 /* PopoverViewController.swift */; };
		2F5847421EDBBE6200288001 /* ButtonsView.swift in Sources */ = {isa = PBXBuildFile; fileRef = 2F5847411EDBBE6200288001 /* ButtonsView.swift */; };
		2FBBB00A1EDC06F1002F3A80 /* あ@3x.png in Resources */ = {isa = PBXBuildFile; fileRef = 2FBBB0091EDC06F1002F3A80 /* あ@3x.png */; };
		2FBBB0381EDCEF59002F3A80 /* MS_CUSTOMBEHAVIOR.swift in Sources */ = {isa = PBXBuildFile; fileRef = 2FBBB0371EDCEF59002F3A80 /* MS_CUSTOMBEHAVIOR.swift */; };
/* End PBXBuildFile section */

/* Begin PBXFileReference section */
		2F5847291EDB93DD00288001 /* HiraganaTouch.app */ = {isa = PBXFileReference; explicitFileType = wrapper.application; includeInIndex = 0; path = HiraganaTouch.app; sourceTree = BUILT_PRODUCTS_DIR; };
		2F58472C1EDB93DD00288001 /* AppDelegate.swift */ = {isa = PBXFileReference; lastKnownFileType = sourcecode.swift; path = AppDelegate.swift; sourceTree = "<group>"; };
		2F5847301EDB93DD00288001 /* Assets.xcassets */ = {isa = PBXFileReference; lastKnownFileType = folder.assetcatalog; path = Assets.xcassets; sourceTree = "<group>"; };
		2F5847331EDB93DD00288001 /* Base */ = {isa = PBXFileReference; lastKnownFileType = file.storyboard; name = Base; path = Base.lproj/Main.storyboard; sourceTree = "<group>"; };
		2F5847351EDB93DD00288001 /* Info.plist */ = {isa = PBXFileReference; lastKnownFileType = text.plist.xml; path = Info.plist; sourceTree = "<group>"; };
		2F58473B1EDB9E2E00288001 /* Characters.swift */ = {isa = PBXFileReference; fileEncoding = 4; lastKnownFileType = sourcecode.swift; path = Characters.swift; sourceTree = "<group>"; };
		2F58473D1EDBBAD700288001 /* PopoverViewController.swift */ = {isa = PBXFileReference; fileEncoding = 4; lastKnownFileType = sourcecode.swift; path = PopoverViewController.swift; sourceTree = "<group>"; };
		2F5847411EDBBE6200288001 /* ButtonsView.swift */ = {isa = PBXFileReference; fileEncoding = 4; lastKnownFileType = sourcecode.swift; name = ButtonsView.swift; path = ../ButtonsView.swift; sourceTree = "<group>"; };
		2FBBB0091EDC06F1002F3A80 /* あ@3x.png */ = {isa = PBXFileReference; lastKnownFileType = image.png; path = "あ@3x.png"; sourceTree = "<group>"; };
		2FBBB0371EDCEF59002F3A80 /* MS_CUSTOMBEHAVIOR.swift */ = {isa = PBXFileReference; fileEncoding = 4; lastKnownFileType = sourcecode.swift; name = MS_CUSTOMBEHAVIOR.swift; path = ../MS_CUSTOMBEHAVIOR.swift; sourceTree = "<group>"; };
/* End PBXFileReference section */

/* Begin PBXFrameworksBuildPhase section */
		2F5847261EDB93DD00288001 /* Frameworks */ = {
			isa = PBXFrameworksBuildPhase;
			buildActionMask = 2147483647;
			files = (
			);
			runOnlyForDeploymentPostprocessing = 0;
		};
/* End PBXFrameworksBuildPhase section */

/* Begin PBXGroup section */
		2F5847201EDB93DD00288001 = {
			isa = PBXGroup;
			children = (
				2FBBB0371EDCEF59002F3A80 /* MS_CUSTOMBEHAVIOR.swift */,
				2F58472B1EDB93DD00288001 /* HiraganaTouch */,
				2F58472A1EDB93DD00288001 /* Products */,
			);
			sourceTree = "<group>";
		};
		2F58472A1EDB93DD00288001 /* Products */ = {
			isa = PBXGroup;
			children = (
				2F5847291EDB93DD00288001 /* HiraganaTouch.app */,
			);
			name = Products;
			sourceTree = "<group>";
		};
		2F58472B1EDB93DD00288001 /* HiraganaTouch */ = {
			isa = PBXGroup;
			children = (
				2F58473B1EDB9E2E00288001 /* Characters.swift */,
				2F58472C1EDB93DD00288001 /* AppDelegate.swift */,
				2F58473D1EDBBAD700288001 /* PopoverViewController.swift */,
				2F5847411EDBBE6200288001 /* ButtonsView.swift */,
				2FBBB0091EDC06F1002F3A80 /* あ@3x.png */,
				2F5847301EDB93DD00288001 /* Assets.xcassets */,
				2F5847321EDB93DD00288001 /* Main.storyboard */,
				2F5847351EDB93DD00288001 /* Info.plist */,
			);
			path = HiraganaTouch;
			sourceTree = "<group>";
		};
/* End PBXGroup section */

/* Begin PBXNativeTarget section */
		2F5847281EDB93DD00288001 /* HiraganaTouch */ = {
			isa = PBXNativeTarget;
			buildConfigurationList = 2F5847381EDB93DD00288001 /* Build configuration list for PBXNativeTarget "HiraganaTouch" */;
			buildPhases = (
				2F5847251EDB93DD00288001 /* Sources */,
				2F5847261EDB93DD00288001 /* Frameworks */,
				2F5847271EDB93DD00288001 /* Resources */,
			);
			buildRules = (
			);
			dependencies = (
			);
			name = HiraganaTouch;
			productName = HiraganaTouch;
			productReference = 2F5847291EDB93DD00288001 /* HiraganaTouch.app */;
			productType = "com.apple.product-type.application";
		};
/* End PBXNativeTarget section */

/* Begin PBXProject section */
		2F5847211EDB93DD00288001 /* Project object */ = {
			isa = PBXProject;
			attributes = {
				LastSwiftUpdateCheck = 0830;
				LastUpgradeCheck = 0830;
				ORGANIZATIONNAME = "Michael Savich";
				TargetAttributes = {
					2F5847281EDB93DD00288001 = {
						CreatedOnToolsVersion = 8.3.2;
						DevelopmentTeam = QS94W36EXJ;
						ProvisioningStyle = Automatic;
					};
				};
			};
			buildConfigurationList = 2F5847241EDB93DD00288001 /* Build configuration list for PBXProject "HiraganaTouch" */;
			compatibilityVersion = "Xcode 3.2";
			developmentRegion = English;
			hasScannedForEncodings = 0;
			knownRegions = (
				en,
				Base,
			);
			mainGroup = 2F5847201EDB93DD00288001;
			productRefGroup = 2F58472A1EDB93DD00288001 /* Products */;
			projectDirPath = "";
			projectRoot = "";
			targets = (
				2F5847281EDB93DD00288001 /* HiraganaTouch */,
			);
		};
/* End PBXProject section */

/* Begin PBXResourcesBuildPhase section */
		2F5847271EDB93DD00288001 /* Resources */ = {
			isa = PBXResourcesBuildPhase;
			buildActionMask = 2147483647;
			files = (
				2F5847311EDB93DD00288001 /* Assets.xcassets in Resources */,
				2F5847341EDB93DD00288001 /* Main.storyboard in Resources */,
				2FBBB00A1EDC06F1002F3A80 /* あ@3x.png in Resources */,
			);
			runOnlyForDeploymentPostprocessing = 0;
		};
/* End PBXResourcesBuildPhase section */

/* Begin PBXSourcesBuildPhase section */
		2F5847251EDB93DD00288001 /* Sources */ = {
			isa = PBXSourcesBuildPhase;
			buildActionMask = 2147483647;
			files = (
				2F5847421EDBBE6200288001 /* ButtonsView.swift in Sources */,
				2F58473E1EDBBAD700288001 /* PopoverViewController.swift in Sources */,
				2F58473C1EDB9E2E00288001 /* Characters.swift in Sources */,
				2F58472D1EDB93DD00288001 /* AppDelegate.swift in Sources */,
				2FBBB0381EDCEF59002F3A80 /* MS_CUSTOMBEHAVIOR.swift in Sources */,
			);
			runOnlyForDeploymentPostprocessing = 0;
		};
/* End PBXSourcesBuildPhase section */

/* Begin PBXVariantGroup section */
		2F5847321EDB93DD00288001 /* Main.storyboard */ = {
			isa = PBXVariantGroup;
			children = (
				2F5847331EDB93DD00288001 /* Base */,
			);
			name = Main.storyboard;
			sourceTree = "<group>";
		};
/* End PBXVariantGroup section */

/* Begin XCBuildConfiguration section */
		2F5847361EDB93DD00288001 /* Debug */ = {
			isa = XCBuildConfiguration;
			buildSettings = {
				ALWAYS_SEARCH_USER_PATHS = NO;
				CLANG_ANALYZER_NONNULL = YES;
				CLANG_ANALYZER_NUMBER_OBJECT_CONVERSION = YES_AGGRESSIVE;
				CLANG_CXX_LANGUAGE_STANDARD = "gnu++0x";
				CLANG_CXX_LIBRARY = "libc++";
				CLANG_ENABLE_MODULES = YES;
				CLANG_ENABLE_OBJC_ARC = YES;
				CLANG_WARN_BOOL_CONVERSION = YES;
				CLANG_WARN_CONSTANT_CONVERSION = YES;
				CLANG_WARN_DIRECT_OBJC_ISA_USAGE = YES_ERROR;
				CLANG_WARN_DOCUMENTATION_COMMENTS = YES;
				CLANG_WARN_EMPTY_BODY = YES;
				CLANG_WARN_ENUM_CONVERSION = YES;
				CLANG_WARN_INFINITE_RECURSION = YES;
				CLANG_WARN_INT_CONVERSION = YES;
				CLANG_WARN_OBJC_ROOT_CLASS = YES_ERROR;
				CLANG_WARN_SUSPICIOUS_MOVE = YES;
				CLANG_WARN_UNREACHABLE_CODE = YES;
				CLANG_WARN__DUPLICATE_METHOD_MATCH = YES;
				CODE_SIGN_IDENTITY = "-";
				COPY_PHASE_STRIP = NO;
				DEBUG_INFORMATION_FORMAT = dwarf;
				ENABLE_STRICT_OBJC_MSGSEND = YES;
				ENABLE_TESTABILITY = YES;
				GCC_C_LANGUAGE_STANDARD = gnu99;
				GCC_DYNAMIC_NO_PIC = NO;
				GCC_NO_COMMON_BLOCKS = YES;
				GCC_OPTIMIZATION_LEVEL = 0;
				GCC_PREPROCESSOR_DEFINITIONS = (
					"DEBUG=1",
					"$(inherited)",
				);
				GCC_WARN_64_TO_32_BIT_CONVERSION = YES;
				GCC_WARN_ABOUT_RETURN_TYPE = YES_ERROR;
				GCC_WARN_UNDECLARED_SELECTOR = YES;
				GCC_WARN_UNINITIALIZED_AUTOS = YES_AGGRESSIVE;
				GCC_WARN_UNUSED_FUNCTION = YES;
				GCC_WARN_UNUSED_VARIABLE = YES;
				MACOSX_DEPLOYMENT_TARGET = 10.12;
				MTL_ENABLE_DEBUG_INFO = YES;
				ONLY_ACTIVE_ARCH = YES;
				SDKROOT = macosx;
				SWIFT_ACTIVE_COMPILATION_CONDITIONS = DEBUG;
				SWIFT_OPTIMIZATION_LEVEL = "-Onone";
			};
			name = Debug;
		};
		2F5847371EDB93DD00288001 /* Release */ = {
			isa = XCBuildConfiguration;
			buildSettings = {
				ALWAYS_SEARCH_USER_PATHS = NO;
				CLANG_ANALYZER_NONNULL = YES;
				CLANG_ANALYZER_NUMBER_OBJECT_CONVERSION = YES_AGGRESSIVE;
				CLANG_CXX_LANGUAGE_STANDARD = "gnu++0x";
				CLANG_CXX_LIBRARY = "libc++";
				CLANG_ENABLE_MODULES = YES;
				CLANG_ENABLE_OBJC_ARC = YES;
				CLANG_WARN_BOOL_CONVERSION = YES;
				CLANG_WARN_CONSTANT_CONVERSION = YES;
				CLANG_WARN_DIRECT_OBJC_ISA_USAGE = YES_ERROR;
				CLANG_WARN_DOCUMENTATION_COMMENTS = YES;
				CLANG_WARN_EMPTY_BODY = YES;
				CLANG_WARN_ENUM_CONVERSION = YES;
				CLANG_WARN_INFINITE_RECURSION = YES;
				CLANG_WARN_INT_CONVERSION = YES;
				CLANG_WARN_OBJC_ROOT_CLASS = YES_ERROR;
				CLANG_WARN_SUSPICIOUS_MOVE = YES;
				CLANG_WARN_UNREACHABLE_CODE = YES;
				CLANG_WARN__DUPLICATE_METHOD_MATCH = YES;
				CODE_SIGN_IDENTITY = "-";
				COPY_PHASE_STRIP = NO;
				DEBUG_INFORMATION_FORMAT = "dwarf-with-dsym";
				ENABLE_NS_ASSERTIONS = NO;
				ENABLE_STRICT_OBJC_MSGSEND = YES;
				GCC_C_LANGUAGE_STANDARD = gnu99;
				GCC_NO_COMMON_BLOCKS = YES;
				GCC_WARN_64_TO_32_BIT_CONVERSION = YES;
				GCC_WARN_ABOUT_RETURN_TYPE = YES_ERROR;
				GCC_WARN_UNDECLARED_SELECTOR = YES;
				GCC_WARN_UNINITIALIZED_AUTOS = YES_AGGRESSIVE;
				GCC_WARN_UNUSED_FUNCTION = YES;
				GCC_WARN_UNUSED_VARIABLE = YES;
				MACOSX_DEPLOYMENT_TARGET = 10.12;
				MTL_ENABLE_DEBUG_INFO = NO;
				SDKROOT = macosx;
				SWIFT_OPTIMIZATION_LEVEL = "-Owholemodule";
			};
			name = Release;
		};
		2F5847391EDB93DD00288001 /* Debug */ = {
			isa = XCBuildConfiguration;
			buildSettings = {
				ASSETCATALOG_COMPILER_APPICON_NAME = AppIcon;
				CODE_SIGN_IDENTITY = "Mac Developer";
				COMBINE_HIDPI_IMAGES = YES;
				DEVELOPMENT_TEAM = "";
				INFOPLIST_FILE = HiraganaTouch/Info.plist;
				LD_RUNPATH_SEARCH_PATHS = "$(inherited) @executable_path/../Frameworks";
				PRODUCT_BUNDLE_IDENTIFIER = michaelsavich.HiraganaTouch;
				PRODUCT_NAME = "$(TARGET_NAME)";
				PROVISIONING_PROFILE_SPECIFIER = "";
				SWIFT_VERSION = 3.0;
			};
			name = Debug;
		};
		2F58473A1EDB93DD00288001 /* Release */ = {
			isa = XCBuildConfiguration;
			buildSettings = {
				ASSETCATALOG_COMPILER_APPICON_NAME = AppIcon;
				CODE_SIGN_IDENTITY = "Mac Developer";
				COMBINE_HIDPI_IMAGES = YES;
				DEVELOPMENT_TEAM = "";
				INFOPLIST_FILE = HiraganaTouch/Info.plist;
				LD_RUNPATH_SEARCH_PATHS = "$(inherited) @executable_path/../Frameworks";
				PRODUCT_BUNDLE_IDENTIFIER = michaelsavich.HiraganaTouch;
				PRODUCT_NAME = "$(TARGET_NAME)";
				PROVISIONING_PROFILE_SPECIFIER = "";
				SWIFT_VERSION = 3.0;
			};
			name = Release;
		};
/* End XCBuildConfiguration section */

/* Begin XCConfigurationList section */
		2F5847241EDB93DD00288001 /* Build configuration list for PBXProject "HiraganaTouch" */ = {
			isa = XCConfigurationList;
			buildConfigurations = (
				2F5847361EDB93DD00288001 /* Debug */,
				2F5847371EDB93DD00288001 /* Release */,
			);
			defaultConfigurationIsVisible = 0;
			defaultConfigurationName = Release;
		};
		2F5847381EDB93DD00288001 /* Build configuration list for PBXNativeTarget "HiraganaTouch" */ = {
			isa = XCConfigurationList;
			buildConfigurations = (
				2F5847391EDB93DD00288001 /* Debug */,
				2F58473A1EDB93DD00288001 /* Release */,
			);
			defaultConfigurationIsVisible = 0;
			defaultConfigurationName = Release;
		};
/* End XCConfigurationList section */
	};
	rootObject = 2F5847211EDB93DD00288001 /* Project object */;
}
